
Microsoft Visual Studio Solution File, Format Version 12.00
# Visual Studio Version 17
VisualStudioVersion = 17.0.32112.339
MinimumVisualStudioVersion = 10.0.40219.1
Project("{9A19103F-16F7-4668-BE54-9A1E7A4F7556}") = "MarvelousReportMicroService.API", "MarvelousReportMicroService\MarvelousReportMicroService.API.csproj", "{7F57FEDC-E4C5-4A5F-B6CC-1BF4A34238FB}"
EndProject
Project("{9A19103F-16F7-4668-BE54-9A1E7A4F7556}") = "MarvelousReportMicroService.BLL", "MarvelousReportMicroService.BLL\MarvelousReportMicroService.BLL.csproj", "{C182E88D-1B10-4C9B-B4DF-7A47B6294C01}"
EndProject
Project("{9A19103F-16F7-4668-BE54-9A1E7A4F7556}") = "MarvelousReportMicroService.DAL", "MarvelousReportMicroService.DAL\MarvelousReportMicroService.DAL.csproj", "{00B6F28D-945D-4290-9D4E-609A28A38F77}"
EndProject
Project("{00D1A9C2-B5F0-4AF3-8072-F6C62B433612}") = "MarvelousReportMicroService.DB", "MarvelousReportMicroService.DB\MarvelousReportMicroService.DB.sqlproj", "{BADA2FC5-C4CF-40F2-BF48-1F182521AFE8}"
EndProject
Project("{FAE04EC0-301F-11D3-BF4B-00C04F79EFBC}") = "MarvelousReportMicroService.DAL.Tests", "MarvelousReportMicroService.DAL.Tests\MarvelousReportMicroService.DAL.Tests.csproj", "{C08DB373-99B5-406A-8F32-DF0DEE29E655}"
EndProject
Global
	GlobalSection(SolutionConfigurationPlatforms) = preSolution
		Debug|Any CPU = Debug|Any CPU
		Release|Any CPU = Release|Any CPU
	EndGlobalSection
	GlobalSection(ProjectConfigurationPlatforms) = postSolution
		{7F57FEDC-E4C5-4A5F-B6CC-1BF4A34238FB}.Debug|Any CPU.ActiveCfg = Debug|Any CPU
		{7F57FEDC-E4C5-4A5F-B6CC-1BF4A34238FB}.Debug|Any CPU.Build.0 = Debug|Any CPU
		{7F57FEDC-E4C5-4A5F-B6CC-1BF4A34238FB}.Release|Any CPU.ActiveCfg = Release|Any CPU
		{7F57FEDC-E4C5-4A5F-B6CC-1BF4A34238FB}.Release|Any CPU.Build.0 = Release|Any CPU
		{C182E88D-1B10-4C9B-B4DF-7A47B6294C01}.Debug|Any CPU.ActiveCfg = Debug|Any CPU
		{C182E88D-1B10-4C9B-B4DF-7A47B6294C01}.Debug|Any CPU.Build.0 = Debug|Any CPU
		{C182E88D-1B10-4C9B-B4DF-7A47B6294C01}.Release|Any CPU.ActiveCfg = Release|Any CPU
		{C182E88D-1B10-4C9B-B4DF-7A47B6294C01}.Release|Any CPU.Build.0 = Release|Any CPU
		{00B6F28D-945D-4290-9D4E-609A28A38F77}.Debug|Any CPU.ActiveCfg = Debug|Any CPU
		{00B6F28D-945D-4290-9D4E-609A28A38F77}.Debug|Any CPU.Build.0 = Debug|Any CPU
		{00B6F28D-945D-4290-9D4E-609A28A38F77}.Release|Any CPU.ActiveCfg = Release|Any CPU
		{00B6F28D-945D-4290-9D4E-609A28A38F77}.Release|Any CPU.Build.0 = Release|Any CPU
		{BADA2FC5-C4CF-40F2-BF48-1F182521AFE8}.Debug|Any CPU.ActiveCfg = Debug|Any CPU
		{BADA2FC5-C4CF-40F2-BF48-1F182521AFE8}.Debug|Any CPU.Build.0 = Debug|Any CPU
		{BADA2FC5-C4CF-40F2-BF48-1F182521AFE8}.Debug|Any CPU.Deploy.0 = Debug|Any CPU
		{BADA2FC5-C4CF-40F2-BF48-1F182521AFE8}.Release|Any CPU.ActiveCfg = Release|Any CPU
		{BADA2FC5-C4CF-40F2-BF48-1F182521AFE8}.Release|Any CPU.Build.0 = Release|Any CPU
		{BADA2FC5-C4CF-40F2-BF48-1F182521AFE8}.Release|Any CPU.Deploy.0 = Release|Any CPU
		{C08DB373-99B5-406A-8F32-DF0DEE29E655}.Debug|Any CPU.ActiveCfg = Debug|Any CPU
		{C08DB373-99B5-406A-8F32-DF0DEE29E655}.Debug|Any CPU.Build.0 = Debug|Any CPU
		{C08DB373-99B5-406A-8F32-DF0DEE29E655}.Release|Any CPU.ActiveCfg = Release|Any CPU
		{C08DB373-99B5-406A-8F32-DF0DEE29E655}.Release|Any CPU.Build.0 = Release|Any CPU
	EndGlobalSection
	GlobalSection(SolutionProperties) = preSolution
		HideSolutionNode = FALSE
	EndGlobalSection
	GlobalSection(ExtensibilityGlobals) = postSolution
		SolutionGuid = {A609C82B-C078-47D4-9DBC-2ACB0103BE58}
	EndGlobalSection
EndGlobal
